
Microsoft Visual Studio Solution File, Format Version 12.00
# Visual Studio 2013
VisualStudioVersion = 12.0.31101.0
MinimumVisualStudioVersion = 10.0.40219.1
Project("{FAE04EC0-301F-11D3-BF4B-00C04F79EFBC}") = "AttachmentExample", "AttachmentExample\AttachmentExample.csproj", "{570719B2-C4DD-489D-8248-E29B35A862F9}"
EndProject
Project("{FAE04EC0-301F-11D3-BF4B-00C04F79EFBC}") = "AttachmentExampleWeb", "AttachmentExampleWeb\AttachmentExampleWeb.csproj", "{5182DE57-3136-4586-B53A-B3966BBCB3C4}"
EndProject
Project("{FAE04EC0-301F-11D3-BF4B-00C04F79EFBC}") = "AttachmentExampleService", "AttachmentExampleService\AttachmentExampleService.csproj", "{655B6294-AF6F-4DAC-BFFD-80B0222B0030}"
EndProject
Global
	GlobalSection(SolutionConfigurationPlatforms) = preSolution
		Debug|Any CPU = Debug|Any CPU
		Release|Any CPU = Release|Any CPU
	EndGlobalSection
	GlobalSection(ProjectConfigurationPlatforms) = postSolution
		{570719B2-C4DD-489D-8248-E29B35A862F9}.Debug|Any CPU.ActiveCfg = Debug|Any CPU
		{570719B2-C4DD-489D-8248-E29B35A862F9}.Debug|Any CPU.Build.0 = Debug|Any CPU
		{570719B2-C4DD-489D-8248-E29B35A862F9}.Debug|Any CPU.Deploy.0 = Debug|Any CPU
		{570719B2-C4DD-489D-8248-E29B35A862F9}.Release|Any CPU.ActiveCfg = Release|Any CPU
		{570719B2-C4DD-489D-8248-E29B35A862F9}.Release|Any CPU.Build.0 = Release|Any CPU
		{570719B2-C4DD-489D-8248-E29B35A862F9}.Release|Any CPU.Deploy.0 = Release|Any CPU
		{5182DE57-3136-4586-B53A-B3966BBCB3C4}.Debug|Any CPU.ActiveCfg = Debug|Any CPU
		{5182DE57-3136-4586-B53A-B3966BBCB3C4}.Debug|Any CPU.Build.0 = Debug|Any CPU
		{5182DE57-3136-4586-B53A-B3966BBCB3C4}.Release|Any CPU.ActiveCfg = Release|Any CPU
		{5182DE57-3136-4586-B53A-B3966BBCB3C4}.Release|Any CPU.Build.0 = Release|Any CPU
		{655B6294-AF6F-4DAC-BFFD-80B0222B0030}.Debug|Any CPU.ActiveCfg = Debug|Any CPU
		{655B6294-AF6F-4DAC-BFFD-80B0222B0030}.Debug|Any CPU.Build.0 = Debug|Any CPU
		{655B6294-AF6F-4DAC-BFFD-80B0222B0030}.Release|Any CPU.ActiveCfg = Release|Any CPU
		{655B6294-AF6F-4DAC-BFFD-80B0222B0030}.Release|Any CPU.Build.0 = Release|Any CPU
	EndGlobalSection
	GlobalSection(SolutionProperties) = preSolution
		HideSolutionNode = FALSE
	EndGlobalSection
EndGlobal
